Microsoft Visual Studio Solution File, Format Version 11.00
# Visual Studio 2008

Project("{89668525-9423-44A7-EC40-D75ADD3C1A13}") = "DiceThemAll", "Assembly-CSharp-firstpass.csproj", "{D942E26D-4A11-A438-9671-AD51FE804DE3}"
EndProject
Project("{89668525-9423-44A7-EC40-D75ADD3C1A13}") = "DiceThemAll", "Assembly-CSharp.csproj", "{0E8017AA-CBA4-1220-0222-433D16AD39DD}"
EndProject
Project("{89668525-9423-44A7-EC40-D75ADD3C1A13}") = "DiceThemAll", "Assembly-CSharp-Editor.csproj", "{D1EDDFFB-81A7-BAF2-E928-F36C5FFCF724}"
EndProject
Global
	GlobalSection(SolutionConfigurationPlatforms) = preSolution
		Debug|Any CPU = Debug|Any CPU
		Release|Any CPU = Release|Any CPU
	EndGlobalSection
	GlobalSection(ProjectConfigurationPlatforms) = postSolution
		{D942E26D-4A11-A438-9671-AD51FE804DE3}.Debug|Any CPU.ActiveCfg = Debug|Any CPU
		{D942E26D-4A11-A438-9671-AD51FE804DE3}.Debug|Any CPU.Build.0 = Debug|Any CPU
		{D942E26D-4A11-A438-9671-AD51FE804DE3}.Release|Any CPU.ActiveCfg = Release|Any CPU
		{D942E26D-4A11-A438-9671-AD51FE804DE3}.Release|Any CPU.Build.0 = Release|Any CPU
		{0E8017AA-CBA4-1220-0222-433D16AD39DD}.Debug|Any CPU.ActiveCfg = Debug|Any CPU
		{0E8017AA-CBA4-1220-0222-433D16AD39DD}.Debug|Any CPU.Build.0 = Debug|Any CPU
		{0E8017AA-CBA4-1220-0222-433D16AD39DD}.Release|Any CPU.ActiveCfg = Release|Any CPU
		{0E8017AA-CBA4-1220-0222-433D16AD39DD}.Release|Any CPU.Build.0 = Release|Any CPU
		{D1EDDFFB-81A7-BAF2-E928-F36C5FFCF724}.Debug|Any CPU.ActiveCfg = Debug|Any CPU
		{D1EDDFFB-81A7-BAF2-E928-F36C5FFCF724}.Debug|Any CPU.Build.0 = Debug|Any CPU
		{D1EDDFFB-81A7-BAF2-E928-F36C5FFCF724}.Release|Any CPU.ActiveCfg = Release|Any CPU
		{D1EDDFFB-81A7-BAF2-E928-F36C5FFCF724}.Release|Any CPU.Build.0 = Release|Any CPU
	EndGlobalSection
	GlobalSection(SolutionProperties) = preSolution
		HideSolutionNode = FALSE
	EndGlobalSection
	GlobalSection(MonoDevelopProperties) = preSolution
		StartupItem = Assembly-CSharp.csproj
	EndGlobalSection
EndGlobal
