
Microsoft Visual Studio Solution File, Format Version 12.00
# Visual Studio 2015
Project("{FAE04EC0-301F-11D3-BF4B-00C04F79EFBC}") = "DiceThemAll.CSharp.Plugins", "DiceThemAll.CSharp.Plugins.csproj", "{31C8D185-2251-AFFD-504C-680CB9D8E2D1}"
EndProject
Project("{FAE04EC0-301F-11D3-BF4B-00C04F79EFBC}") = "DiceThemAll.CSharp", "DiceThemAll.CSharp.csproj", "{0FDEF3D7-0A76-D1BE-E00D-24CDFAF4672A}"
EndProject
Project("{FAE04EC0-301F-11D3-BF4B-00C04F79EFBC}") = "DiceThemAll.CSharp.Editor", "DiceThemAll.CSharp.Editor.csproj", "{0B2B6DD3-A983-8A56-DD91-03E9DF34BB34}"
EndProject
Global
	GlobalSection(SolutionConfigurationPlatforms) = preSolution
		Debug|Any CPU = Debug|Any CPU
		Release|Any CPU = Release|Any CPU
	EndGlobalSection
	GlobalSection(ProjectConfigurationPlatforms) = postSolution
		{31C8D185-2251-AFFD-504C-680CB9D8E2D1}.Debug|Any CPU.ActiveCfg = Debug|Any CPU
		{31C8D185-2251-AFFD-504C-680CB9D8E2D1}.Debug|Any CPU.Build.0 = Debug|Any CPU
		{31C8D185-2251-AFFD-504C-680CB9D8E2D1}.Release|Any CPU.ActiveCfg = Release|Any CPU
		{31C8D185-2251-AFFD-504C-680CB9D8E2D1}.Release|Any CPU.Build.0 = Release|Any CPU
		{0FDEF3D7-0A76-D1BE-E00D-24CDFAF4672A}.Debug|Any CPU.ActiveCfg = Debug|Any CPU
		{0FDEF3D7-0A76-D1BE-E00D-24CDFAF4672A}.Debug|Any CPU.Build.0 = Debug|Any CPU
		{0FDEF3D7-0A76-D1BE-E00D-24CDFAF4672A}.Release|Any CPU.ActiveCfg = Release|Any CPU
		{0FDEF3D7-0A76-D1BE-E00D-24CDFAF4672A}.Release|Any CPU.Build.0 = Release|Any CPU
		{0B2B6DD3-A983-8A56-DD91-03E9DF34BB34}.Debug|Any CPU.ActiveCfg = Debug|Any CPU
		{0B2B6DD3-A983-8A56-DD91-03E9DF34BB34}.Debug|Any CPU.Build.0 = Debug|Any CPU
		{0B2B6DD3-A983-8A56-DD91-03E9DF34BB34}.Release|Any CPU.ActiveCfg = Release|Any CPU
		{0B2B6DD3-A983-8A56-DD91-03E9DF34BB34}.Release|Any CPU.Build.0 = Release|Any CPU
	EndGlobalSection
	GlobalSection(SolutionProperties) = preSolution
		HideSolutionNode = FALSE
	EndGlobalSection
EndGlobal
